// !$*UTF8*$!
{
	archiveVersion = 1;
	classes = {
	};
	objectVersion = 55;
	objects = {

/* Begin PBXBuildFile section */
		742EF654282CE44100BB06EF /* ExuoSpaceXApp.swift in Sources */ = {isa = PBXBuildFile; fileRef = 742EF653282CE44100BB06EF /* ExuoSpaceXApp.swift */; };
		742EF656282CE44100BB06EF /* LaunchesView.swift in Sources */ = {isa = PBXBuildFile; fileRef = 742EF655282CE44100BB06EF /* LaunchesView.swift */; };
		742EF658282CE44200BB06EF /* Assets.xcassets in Resources */ = {isa = PBXBuildFile; fileRef = 742EF657282CE44200BB06EF /* Assets.xcassets */; };
		742EF65B282CE44200BB06EF /* Preview Assets.xcassets in Resources */ = {isa = PBXBuildFile; fileRef = 742EF65A282CE44200BB06EF /* Preview Assets.xcassets */; };
		742EF666282CE5ED00BB06EF /* NetworkingManager.swift in Sources */ = {isa = PBXBuildFile; fileRef = 742EF665282CE5ED00BB06EF /* NetworkingManager.swift */; };
		742EF668282CE62000BB06EF /* LaunchesViewModel.swift in Sources */ = {isa = PBXBuildFile; fileRef = 742EF667282CE62000BB06EF /* LaunchesViewModel.swift */; };
		742EF672282CE65300BB06EF /* Rocket.swift in Sources */ = {isa = PBXBuildFile; fileRef = 742EF66B282CE65300BB06EF /* Rocket.swift */; };
		742EF673282CE65300BB06EF /* PayloadWeights.swift in Sources */ = {isa = PBXBuildFile; fileRef = 742EF66C282CE65300BB06EF /* PayloadWeights.swift */; };
		742EF674282CE65300BB06EF /* Links.swift in Sources */ = {isa = PBXBuildFile; fileRef = 742EF66E282CE65300BB06EF /* Links.swift */; };
		742EF675282CE65300BB06EF /* Patch.swift in Sources */ = {isa = PBXBuildFile; fileRef = 742EF66F282CE65300BB06EF /* Patch.swift */; };
		742EF676282CE65300BB06EF /* Launch.swift in Sources */ = {isa = PBXBuildFile; fileRef = 742EF670282CE65300BB06EF /* Launch.swift */; };
		742EF677282CE65300BB06EF /* Flickr.swift in Sources */ = {isa = PBXBuildFile; fileRef = 742EF671282CE65300BB06EF /* Flickr.swift */; };
		742EF67A282CEB0600BB06EF /* Telescope in Frameworks */ = {isa = PBXBuildFile; productRef = 742EF679282CEB0600BB06EF /* Telescope */; };
		742EF67D282CEB5C00BB06EF /* LaunchListTileCard.swift in Sources */ = {isa = PBXBuildFile; fileRef = 742EF67C282CEB5C00BB06EF /* LaunchListTileCard.swift */; };
		742EF680282CF0F300BB06EF /* Date+Ext.swift in Sources */ = {isa = PBXBuildFile; fileRef = 742EF67F282CF0F300BB06EF /* Date+Ext.swift */; };
		742EF683282CFC2900BB06EF /* CustomButtons.swift in Sources */ = {isa = PBXBuildFile; fileRef = 742EF682282CFC2900BB06EF /* CustomButtons.swift */; };
		742EF686282D031800BB06EF /* YouTubePlayerKit in Frameworks */ = {isa = PBXBuildFile; productRef = 742EF685282D031800BB06EF /* YouTubePlayerKit */; };
		742EF688282D032E00BB06EF /* LaunchDetailsView.swift in Sources */ = {isa = PBXBuildFile; fileRef = 742EF687282D032E00BB06EF /* LaunchDetailsView.swift */; };
		742EF68C282D35EC00BB06EF /* UserDefaults+Ext.swift in Sources */ = {isa = PBXBuildFile; fileRef = 742EF68B282D35EC00BB06EF /* UserDefaults+Ext.swift */; };
		742EF68E282D3AA500BB06EF /* UIDevice+Ext.swift in Sources */ = {isa = PBXBuildFile; fileRef = 742EF68D282D3AA500BB06EF /* UIDevice+Ext.swift */; };
/* End PBXBuildFile section */

/* Begin PBXFileReference section */
		742EF650282CE44100BB06EF /* ExuoSpaceX.app */ = {isa = PBXFileReference; explicitFileType = wrapper.application; includeInIndex = 0; path = ExuoSpaceX.app; sourceTree = BUILT_PRODUCTS_DIR; };
		742EF653282CE44100BB06EF /* ExuoSpaceXApp.swift */ = {isa = PBXFileReference; lastKnownFileType = sourcecode.swift; path = ExuoSpaceXApp.swift; sourceTree = "<group>"; };
		742EF655282CE44100BB06EF /* LaunchesView.swift */ = {isa = PBXFileReference; lastKnownFileType = sourcecode.swift; path = LaunchesView.swift; sourceTree = "<group>"; };
		742EF657282CE44200BB06EF /* Assets.xcassets */ = {isa = PBXFileReference; lastKnownFileType = folder.assetcatalog; path = Assets.xcassets; sourceTree = "<group>"; };
		742EF65A282CE44200BB06EF /* Preview Assets.xcassets */ = {isa = PBXFileReference; lastKnownFileType = folder.assetcatalog; path = "Preview Assets.xcassets"; sourceTree = "<group>"; };
		742EF665282CE5ED00BB06EF /* NetworkingManager.swift */ = {isa = PBXFileReference; lastKnownFileType = sourcecode.swift; path = NetworkingManager.swift; sourceTree = "<group>"; };
		742EF667282CE62000BB06EF /* LaunchesViewModel.swift */ = {isa = PBXFileReference; lastKnownFileType = sourcecode.swift; path = LaunchesViewModel.swift; sourceTree = "<group>"; };
		742EF66B282CE65300BB06EF /* Rocket.swift */ = {isa = PBXFileReference; fileEncoding = 4; lastKnownFileType = sourcecode.swift; path = Rocket.swift; sourceTree = "<group>"; };
		742EF66C282CE65300BB06EF /* PayloadWeights.swift */ = {isa = PBXFileReference; fileEncoding = 4; lastKnownFileType = sourcecode.swift; path = PayloadWeights.swift; sourceTree = "<group>"; };
		742EF66E282CE65300BB06EF /* Links.swift */ = {isa = PBXFileReference; fileEncoding = 4; lastKnownFileType = sourcecode.swift; path = Links.swift; sourceTree = "<group>"; };
		742EF66F282CE65300BB06EF /* Patch.swift */ = {isa = PBXFileReference; fileEncoding = 4; lastKnownFileType = sourcecode.swift; path = Patch.swift; sourceTree = "<group>"; };
		742EF670282CE65300BB06EF /* Launch.swift */ = {isa = PBXFileReference; fileEncoding = 4; lastKnownFileType = sourcecode.swift; path = Launch.swift; sourceTree = "<group>"; };
		742EF671282CE65300BB06EF /* Flickr.swift */ = {isa = PBXFileReference; fileEncoding = 4; lastKnownFileType = sourcecode.swift; path = Flickr.swift; sourceTree = "<group>"; };
		742EF67C282CEB5C00BB06EF /* LaunchListTileCard.swift */ = {isa = PBXFileReference; lastKnownFileType = sourcecode.swift; path = LaunchListTileCard.swift; sourceTree = "<group>"; };
		742EF67F282CF0F300BB06EF /* Date+Ext.swift */ = {isa = PBXFileReference; lastKnownFileType = sourcecode.swift; path = "Date+Ext.swift"; sourceTree = "<group>"; };
		742EF682282CFC2900BB06EF /* CustomButtons.swift */ = {isa = PBXFileReference; lastKnownFileType = sourcecode.swift; path = CustomButtons.swift; sourceTree = "<group>"; };
		742EF687282D032E00BB06EF /* LaunchDetailsView.swift */ = {isa = PBXFileReference; lastKnownFileType = sourcecode.swift; path = LaunchDetailsView.swift; sourceTree = "<group>"; };
		742EF68B282D35EC00BB06EF /* UserDefaults+Ext.swift */ = {isa = PBXFileReference; lastKnownFileType = sourcecode.swift; path = "UserDefaults+Ext.swift"; sourceTree = "<group>"; };
		742EF68D282D3AA500BB06EF /* UIDevice+Ext.swift */ = {isa = PBXFileReference; lastKnownFileType = sourcecode.swift; path = "UIDevice+Ext.swift"; sourceTree = "<group>"; };
/* End PBXFileReference section */

/* Begin PBXFrameworksBuildPhase section */
		742EF64D282CE44100BB06EF /* Frameworks */ = {
			isa = PBXFrameworksBuildPhase;
			buildActionMask = 2147483647;
			files = (
				742EF686282D031800BB06EF /* YouTubePlayerKit in Frameworks */,
				742EF67A282CEB0600BB06EF /* Telescope in Frameworks */,
			);
			runOnlyForDeploymentPostprocessing = 0;
		};
/* End PBXFrameworksBuildPhase section */

/* Begin PBXGroup section */
		742EF647282CE44100BB06EF = {
			isa = PBXGroup;
			children = (
				742EF652282CE44100BB06EF /* ExuoSpaceX */,
				742EF651282CE44100BB06EF /* Products */,
			);
			sourceTree = "<group>";
		};
		742EF651282CE44100BB06EF /* Products */ = {
			isa = PBXGroup;
			children = (
				742EF650282CE44100BB06EF /* ExuoSpaceX.app */,
			);
			name = Products;
			sourceTree = "<group>";
		};
		742EF652282CE44100BB06EF /* ExuoSpaceX */ = {
			isa = PBXGroup;
			children = (
				742EF653282CE44100BB06EF /* ExuoSpaceXApp.swift */,
				742EF661282CE5AD00BB06EF /* View */,
				742EF662282CE5B200BB06EF /* ViewModel */,
				742EF669282CE65300BB06EF /* Model */,
				742EF664282CE5C400BB06EF /* Utilities */,
				742EF67E282CF0E200BB06EF /* Extensions */,
				742EF681282CFC1B00BB06EF /* Custom */,
				742EF657282CE44200BB06EF /* Assets.xcassets */,
				742EF659282CE44200BB06EF /* Preview Content */,
			);
			path = ExuoSpaceX;
			sourceTree = "<group>";
		};
		742EF659282CE44200BB06EF /* Preview Content */ = {
			isa = PBXGroup;
			children = (
				742EF65A282CE44200BB06EF /* Preview Assets.xcassets */,
			);
			path = "Preview Content";
			sourceTree = "<group>";
		};
		742EF661282CE5AD00BB06EF /* View */ = {
			isa = PBXGroup;
			children = (
				742EF655282CE44100BB06EF /* LaunchesView.swift */,
				742EF687282D032E00BB06EF /* LaunchDetailsView.swift */,
				742EF67B282CEB4000BB06EF /* Components */,
			);
			path = View;
			sourceTree = "<group>";
		};
		742EF662282CE5B200BB06EF /* ViewModel */ = {
			isa = PBXGroup;
			children = (
				742EF667282CE62000BB06EF /* LaunchesViewModel.swift */,
			);
			path = ViewModel;
			sourceTree = "<group>";
		};
		742EF664282CE5C400BB06EF /* Utilities */ = {
			isa = PBXGroup;
			children = (
				742EF665282CE5ED00BB06EF /* NetworkingManager.swift */,
			);
			path = Utilities;
			sourceTree = "<group>";
		};
		742EF669282CE65300BB06EF /* Model */ = {
			isa = PBXGroup;
			children = (
				742EF66A282CE65300BB06EF /* SpaceXRocket */,
				742EF66D282CE65300BB06EF /* SpaceXLaunch */,
			);
			path = Model;
			sourceTree = "<group>";
		};
		742EF66A282CE65300BB06EF /* SpaceXRocket */ = {
			isa = PBXGroup;
			children = (
				742EF66B282CE65300BB06EF /* Rocket.swift */,
				742EF66C282CE65300BB06EF /* PayloadWeights.swift */,
			);
			path = SpaceXRocket;
			sourceTree = "<group>";
		};
		742EF66D282CE65300BB06EF /* SpaceXLaunch */ = {
			isa = PBXGroup;
			children = (
				742EF66E282CE65300BB06EF /* Links.swift */,
				742EF66F282CE65300BB06EF /* Patch.swift */,
				742EF670282CE65300BB06EF /* Launch.swift */,
				742EF671282CE65300BB06EF /* Flickr.swift */,
			);
			path = SpaceXLaunch;
			sourceTree = "<group>";
		};
		742EF67B282CEB4000BB06EF /* Components */ = {
			isa = PBXGroup;
			children = (
				742EF67C282CEB5C00BB06EF /* LaunchListTileCard.swift */,
			);
			path = Components;
			sourceTree = "<group>";
		};
		742EF67E282CF0E200BB06EF /* Extensions */ = {
			isa = PBXGroup;
			children = (
				742EF67F282CF0F300BB06EF /* Date+Ext.swift */,
				742EF68B282D35EC00BB06EF /* UserDefaults+Ext.swift */,
				742EF68D282D3AA500BB06EF /* UIDevice+Ext.swift */,
			);
			path = Extensions;
			sourceTree = "<group>";
		};
		742EF681282CFC1B00BB06EF /* Custom */ = {
			isa = PBXGroup;
			children = (
				742EF682282CFC2900BB06EF /* CustomButtons.swift */,
			);
			path = Custom;
			sourceTree = "<group>";
		};
/* End PBXGroup section */

/* Begin PBXNativeTarget section */
		742EF64F282CE44100BB06EF /* ExuoSpaceX */ = {
			isa = PBXNativeTarget;
			buildConfigurationList = 742EF65E282CE44200BB06EF /* Build configuration list for PBXNativeTarget "ExuoSpaceX" */;
			buildPhases = (
				742EF64C282CE44100BB06EF /* Sources */,
				742EF64D282CE44100BB06EF /* Frameworks */,
				742EF64E282CE44100BB06EF /* Resources */,
			);
			buildRules = (
			);
			dependencies = (
			);
			name = ExuoSpaceX;
			packageProductDependencies = (
				742EF679282CEB0600BB06EF /* Telescope */,
				742EF685282D031800BB06EF /* YouTubePlayerKit */,
			);
			productName = ExuoSpaceX;
			productReference = 742EF650282CE44100BB06EF /* ExuoSpaceX.app */;
			productType = "com.apple.product-type.application";
		};
/* End PBXNativeTarget section */

/* Begin PBXProject section */
		742EF648282CE44100BB06EF /* Project object */ = {
			isa = PBXProject;
			attributes = {
				BuildIndependentTargetsInParallel = 1;
				LastSwiftUpdateCheck = 1330;
				LastUpgradeCheck = 1330;
				TargetAttributes = {
					742EF64F282CE44100BB06EF = {
						CreatedOnToolsVersion = 13.3.1;
					};
				};
			};
			buildConfigurationList = 742EF64B282CE44100BB06EF /* Build configuration list for PBXProject "ExuoSpaceX" */;
			compatibilityVersion = "Xcode 13.0";
			developmentRegion = en;
			hasScannedForEncodings = 0;
			knownRegions = (
				en,
				Base,
			);
			mainGroup = 742EF647282CE44100BB06EF;
			packageReferences = (
				742EF678282CEB0600BB06EF /* XCRemoteSwiftPackageReference "telescope" */,
				742EF684282D031800BB06EF /* XCRemoteSwiftPackageReference "YouTubePlayerKit" */,
			);
			productRefGroup = 742EF651282CE44100BB06EF /* Products */;
			projectDirPath = "";
			projectRoot = "";
			targets = (
				742EF64F282CE44100BB06EF /* ExuoSpaceX */,
			);
		};
/* End PBXProject section */

/* Begin PBXResourcesBuildPhase section */
		742EF64E282CE44100BB06EF /* Resources */ = {
			isa = PBXResourcesBuildPhase;
			buildActionMask = 2147483647;
			files = (
				742EF65B282CE44200BB06EF /* Preview Assets.xcassets in Resources */,
				742EF658282CE44200BB06EF /* Assets.xcassets in Resources */,
			);
			runOnlyForDeploymentPostprocessing = 0;
		};
/* End PBXResourcesBuildPhase section */

/* Begin PBXSourcesBuildPhase section */
		742EF64C282CE44100BB06EF /* Sources */ = {
			isa = PBXSourcesBuildPhase;
			buildActionMask = 2147483647;
			files = (
				742EF673282CE65300BB06EF /* PayloadWeights.swift in Sources */,
				742EF676282CE65300BB06EF /* Launch.swift in Sources */,
				742EF688282D032E00BB06EF /* LaunchDetailsView.swift in Sources */,
				742EF677282CE65300BB06EF /* Flickr.swift in Sources */,
				742EF680282CF0F300BB06EF /* Date+Ext.swift in Sources */,
				742EF666282CE5ED00BB06EF /* NetworkingManager.swift in Sources */,
				742EF668282CE62000BB06EF /* LaunchesViewModel.swift in Sources */,
				742EF68E282D3AA500BB06EF /* UIDevice+Ext.swift in Sources */,
				742EF656282CE44100BB06EF /* LaunchesView.swift in Sources */,
				742EF68C282D35EC00BB06EF /* UserDefaults+Ext.swift in Sources */,
				742EF674282CE65300BB06EF /* Links.swift in Sources */,
				742EF672282CE65300BB06EF /* Rocket.swift in Sources */,
				742EF675282CE65300BB06EF /* Patch.swift in Sources */,
				742EF683282CFC2900BB06EF /* CustomButtons.swift in Sources */,
				742EF67D282CEB5C00BB06EF /* LaunchListTileCard.swift in Sources */,
				742EF654282CE44100BB06EF /* ExuoSpaceXApp.swift in Sources */,
			);
			runOnlyForDeploymentPostprocessing = 0;
		};
/* End PBXSourcesBuildPhase section */

/* Begin XCBuildConfiguration section */
		742EF65C282CE44200BB06EF /* Debug */ = {
			isa = XCBuildConfiguration;
			buildSettings = {
				ALWAYS_SEARCH_USER_PATHS = NO;
				CLANG_ANALYZER_NONNULL = YES;
				CLANG_ANALYZER_NUMBER_OBJECT_CONVERSION = YES_AGGRESSIVE;
				CLANG_CXX_LANGUAGE_STANDARD = "gnu++17";
				CLANG_ENABLE_MODULES = YES;
				CLANG_ENABLE_OBJC_ARC = YES;
				CLANG_ENABLE_OBJC_WEAK = YES;
				CLANG_WARN_BLOCK_CAPTURE_AUTORELEASING = YES;
				CLANG_WARN_BOOL_CONVERSION = YES;
				CLANG_WARN_COMMA = YES;
				CLANG_WARN_CONSTANT_CONVERSION = YES;
				CLANG_WARN_DEPRECATED_OBJC_IMPLEMENTATIONS = YES;
				CLANG_WARN_DIRECT_OBJC_ISA_USAGE = YES_ERROR;
				CLANG_WARN_DOCUMENTATION_COMMENTS = YES;
				CLANG_WARN_EMPTY_BODY = YES;
				CLANG_WARN_ENUM_CONVERSION = YES;
				CLANG_WARN_INFINITE_RECURSION = YES;
				CLANG_WARN_INT_CONVERSION = YES;
				CLANG_WARN_NON_LITERAL_NULL_CONVERSION = YES;
				CLANG_WARN_OBJC_IMPLICIT_RETAIN_SELF = YES;
				CLANG_WARN_OBJC_LITERAL_CONVERSION = YES;
				CLANG_WARN_OBJC_ROOT_CLASS = YES_ERROR;
				CLANG_WARN_QUOTED_INCLUDE_IN_FRAMEWORK_HEADER = YES;
				CLANG_WARN_RANGE_LOOP_ANALYSIS = YES;
				CLANG_WARN_STRICT_PROTOTYPES = YES;
				CLANG_WARN_SUSPICIOUS_MOVE = YES;
				CLANG_WARN_UNGUARDED_AVAILABILITY = YES_AGGRESSIVE;
				CLANG_WARN_UNREACHABLE_CODE = YES;
				CLANG_WARN__DUPLICATE_METHOD_MATCH = YES;
				COPY_PHASE_STRIP = NO;
				DEBUG_INFORMATION_FORMAT = dwarf;
				ENABLE_STRICT_OBJC_MSGSEND = YES;
				ENABLE_TESTABILITY = YES;
				GCC_C_LANGUAGE_STANDARD = gnu11;
				GCC_DYNAMIC_NO_PIC = NO;
				GCC_NO_COMMON_BLOCKS = YES;
				GCC_OPTIMIZATION_LEVEL = 0;
				GCC_PREPROCESSOR_DEFINITIONS = (
					"DEBUG=1",
					"$(inherited)",
				);
				GCC_WARN_64_TO_32_BIT_CONVERSION = YES;
				GCC_WARN_ABOUT_RETURN_TYPE = YES_ERROR;
				GCC_WARN_UNDECLARED_SELECTOR = YES;
				GCC_WARN_UNINITIALIZED_AUTOS = YES_AGGRESSIVE;
				GCC_WARN_UNUSED_FUNCTION = YES;
				GCC_WARN_UNUSED_VARIABLE = YES;
				IPHONEOS_DEPLOYMENT_TARGET = 15.0;
				MTL_ENABLE_DEBUG_INFO = INCLUDE_SOURCE;
				MTL_FAST_MATH = YES;
				ONLY_ACTIVE_ARCH = YES;
				SDKROOT = iphoneos;
				SWIFT_ACTIVE_COMPILATION_CONDITIONS = DEBUG;
				SWIFT_OPTIMIZATION_LEVEL = "-Onone";
			};
			name = Debug;
		};
		742EF65D282CE44200BB06EF /* Release */ = {
			isa = XCBuildConfiguration;
			buildSettings = {
				ALWAYS_SEARCH_USER_PATHS = NO;
				CLANG_ANALYZER_NONNULL = YES;
				CLANG_ANALYZER_NUMBER_OBJECT_CONVERSION = YES_AGGRESSIVE;
				CLANG_CXX_LANGUAGE_STANDARD = "gnu++17";
				CLANG_ENABLE_MODULES = YES;
				CLANG_ENABLE_OBJC_ARC = YES;
				CLANG_ENABLE_OBJC_WEAK = YES;
				CLANG_WARN_BLOCK_CAPTURE_AUTORELEASING = YES;
				CLANG_WARN_BOOL_CONVERSION = YES;
				CLANG_WARN_COMMA = YES;
				CLANG_WARN_CONSTANT_CONVERSION = YES;
				CLANG_WARN_DEPRECATED_OBJC_IMPLEMENTATIONS = YES;
				CLANG_WARN_DIRECT_OBJC_ISA_USAGE = YES_ERROR;
				CLANG_WARN_DOCUMENTATION_COMMENTS = YES;
				CLANG_WARN_EMPTY_BODY = YES;
				CLANG_WARN_ENUM_CONVERSION = YES;
				CLANG_WARN_INFINITE_RECURSION = YES;
				CLANG_WARN_INT_CONVERSION = YES;
				CLANG_WARN_NON_LITERAL_NULL_CONVERSION = YES;
				CLANG_WARN_OBJC_IMPLICIT_RETAIN_SELF = YES;
				CLANG_WARN_OBJC_LITERAL_CONVERSION = YES;
				CLANG_WARN_OBJC_ROOT_CLASS = YES_ERROR;
				CLANG_WARN_QUOTED_INCLUDE_IN_FRAMEWORK_HEADER = YES;
				CLANG_WARN_RANGE_LOOP_ANALYSIS = YES;
				CLANG_WARN_STRICT_PROTOTYPES = YES;
				CLANG_WARN_SUSPICIOUS_MOVE = YES;
				CLANG_WARN_UNGUARDED_AVAILABILITY = YES_AGGRESSIVE;
				CLANG_WARN_UNREACHABLE_CODE = YES;
				CLANG_WARN__DUPLICATE_METHOD_MATCH = YES;
				COPY_PHASE_STRIP = NO;
				DEBUG_INFORMATION_FORMAT = "dwarf-with-dsym";
				ENABLE_NS_ASSERTIONS = NO;
				ENABLE_STRICT_OBJC_MSGSEND = YES;
				GCC_C_LANGUAGE_STANDARD = gnu11;
				GCC_NO_COMMON_BLOCKS = YES;
				GCC_WARN_64_TO_32_BIT_CONVERSION = YES;
				GCC_WARN_ABOUT_RETURN_TYPE = YES_ERROR;
				GCC_WARN_UNDECLARED_SELECTOR = YES;
				GCC_WARN_UNINITIALIZED_AUTOS = YES_AGGRESSIVE;
				GCC_WARN_UNUSED_FUNCTION = YES;
				GCC_WARN_UNUSED_VARIABLE = YES;
				IPHONEOS_DEPLOYMENT_TARGET = 15.0;
				MTL_ENABLE_DEBUG_INFO = NO;
				MTL_FAST_MATH = YES;
				SDKROOT = iphoneos;
				SWIFT_COMPILATION_MODE = wholemodule;
				SWIFT_OPTIMIZATION_LEVEL = "-O";
				VALIDATE_PRODUCT = YES;
			};
			name = Release;
		};
		742EF65F282CE44200BB06EF /* Debug */ = {
			isa = XCBuildConfiguration;
			buildSettings = {
				ASSETCATALOG_COMPILER_APPICON_NAME = AppIcon;
				ASSETCATALOG_COMPILER_GLOBAL_ACCENT_COLOR_NAME = AccentColor;
				CODE_SIGN_STYLE = Automatic;
				CURRENT_PROJECT_VERSION = 1;
				DEVELOPMENT_ASSET_PATHS = "\"ExuoSpaceX/Preview Content\"";
				DEVELOPMENT_TEAM = S6DJ727MSY;
				ENABLE_PREVIEWS = YES;
				GENERATE_INFOPLIST_FILE = YES;
				INFOPLIST_KEY_UIApplicationSceneManifest_Generation = YES;
				INFOPLIST_KEY_UIApplicationSupportsIndirectInputEvents = YES;
				INFOPLIST_KEY_UILaunchScreen_Generation = YES;
				INFOPLIST_KEY_UISupportedInterfaceOrientations_iPad = "UIInterfaceOrientationPortrait UIInterfaceOrientationPortraitUpsideDown";
				INFOPLIST_KEY_UISupportedInterfaceOrientations_iPhone = UIInterfaceOrientationPortrait;
				INFOPLIST_KEY_UIUserInterfaceStyle = Dark;
				LD_RUNPATH_SEARCH_PATHS = (
					"$(inherited)",
					"@executable_path/Frameworks",
				);
				MARKETING_VERSION = 1.0;
				PRODUCT_BUNDLE_IDENTIFIER = com.mujo.ExuoSpaceX;
				PRODUCT_NAME = "$(TARGET_NAME)";
				SWIFT_EMIT_LOC_STRINGS = YES;
				SWIFT_VERSION = 5.0;
				TARGETED_DEVICE_FAMILY = "1,2";
			};
			name = Debug;
		};
		742EF660282CE44200BB06EF /* Release */ = {
			isa = XCBuildConfiguration;
			buildSettings = {
				ASSETCATALOG_COMPILER_APPICON_NAME = AppIcon;
				ASSETCATALOG_COMPILER_GLOBAL_ACCENT_COLOR_NAME = AccentColor;
				CODE_SIGN_STYLE = Automatic;
				CURRENT_PROJECT_VERSION = 1;
				DEVELOPMENT_ASSET_PATHS = "\"ExuoSpaceX/Preview Content\"";
				DEVELOPMENT_TEAM = S6DJ727MSY;
				ENABLE_PREVIEWS = YES;
				GENERATE_INFOPLIST_FILE = YES;
				INFOPLIST_KEY_UIApplicationSceneManifest_Generation = YES;
				INFOPLIST_KEY_UIApplicationSupportsIndirectInputEvents = YES;
				INFOPLIST_KEY_UILaunchScreen_Generation = YES;
				INFOPLIST_KEY_UISupportedInterfaceOrientations_iPad = "UIInterfaceOrientationPortrait UIInterfaceOrientationPortraitUpsideDown";
				INFOPLIST_KEY_UISupportedInterfaceOrientations_iPhone = UIInterfaceOrientationPortrait;
				INFOPLIST_KEY_UIUserInterfaceStyle = Dark;
				LD_RUNPATH_SEARCH_PATHS = (
					"$(inherited)",
					"@executable_path/Frameworks",
				);
				MARKETING_VERSION = 1.0;
				PRODUCT_BUNDLE_IDENTIFIER = com.mujo.ExuoSpaceX;
				PRODUCT_NAME = "$(TARGET_NAME)";
				SWIFT_EMIT_LOC_STRINGS = YES;
				SWIFT_VERSION = 5.0;
				TARGETED_DEVICE_FAMILY = "1,2";
			};
			name = Release;
		};
/* End XCBuildConfiguration section */

/* Begin XCConfigurationList section */
		742EF64B282CE44100BB06EF /* Build configuration list for PBXProject "ExuoSpaceX" */ = {
			isa = XCConfigurationList;
			buildConfigurations = (
				742EF65C282CE44200BB06EF /* Debug */,
				742EF65D282CE44200BB06EF /* Release */,
			);
			defaultConfigurationIsVisible = 0;
			defaultConfigurationName = Release;
		};
		742EF65E282CE44200BB06EF /* Build configuration list for PBXNativeTarget "ExuoSpaceX" */ = {
			isa = XCConfigurationList;
			buildConfigurations = (
				742EF65F282CE44200BB06EF /* Debug */,
				742EF660282CE44200BB06EF /* Release */,
			);
			defaultConfigurationIsVisible = 0;
			defaultConfigurationName = Release;
		};
/* End XCConfigurationList section */

/* Begin XCRemoteSwiftPackageReference section */
		742EF678282CEB0600BB06EF /* XCRemoteSwiftPackageReference "telescope" */ = {
			isa = XCRemoteSwiftPackageReference;
			repositoryURL = "https://github.com/persello/telescope.git";
			requirement = {
				branch = main;
				kind = branch;
			};
		};
		742EF684282D031800BB06EF /* XCRemoteSwiftPackageReference "YouTubePlayerKit" */ = {
			isa = XCRemoteSwiftPackageReference;
			repositoryURL = "https://github.com/SvenTiigi/YouTubePlayerKit.git";
			requirement = {
				branch = main;
				kind = branch;
			};
		};
/* End XCRemoteSwiftPackageReference section */

/* Begin XCSwiftPackageProductDependency section */
		742EF679282CEB0600BB06EF /* Telescope */ = {
			isa = XCSwiftPackageProductDependency;
			package = 742EF678282CEB0600BB06EF /* XCRemoteSwiftPackageReference "telescope" */;
			productName = Telescope;
		};
		742EF685282D031800BB06EF /* YouTubePlayerKit */ = {
			isa = XCSwiftPackageProductDependency;
			package = 742EF684282D031800BB06EF /* XCRemoteSwiftPackageReference "YouTubePlayerKit" */;
			productName = YouTubePlayerKit;
		};
/* End XCSwiftPackageProductDependency section */
	};
	rootObject = 742EF648282CE44100BB06EF /* Project object */;
}
